
Microsoft Visual Studio Solution File, Format Version 11.00
# Visual Studio 2010
Project("{FAE04EC0-301F-11D3-BF4B-00C04F79EFBC}") = "Assembly-CSharp", "Assembly-CSharp.csproj", "{5BB7E9B2-DAAC-E6A6-6D4C-F52FF86D00FA}"
EndProject
Project("{FAE04EC0-301F-11D3-BF4B-00C04F79EFBC}") = "Stores", "Stores.csproj", "{14F1A00A-66CA-9195-6B7F-97747C0B4AD7}"
EndProject
Project("{FAE04EC0-301F-11D3-BF4B-00C04F79EFBC}") = "Ionic.Zip.Unity", "Ionic.Zip.Unity.csproj", "{B2E7C640-1F30-411A-2A7A-8561208E873E}"
EndProject
Project("{FAE04EC0-301F-11D3-BF4B-00C04F79EFBC}") = "Triangle", "Triangle.csproj", "{62B15434-A5D3-7CB1-047F-E91E8B2D23FC}"
EndProject
Project("{FAE04EC0-301F-11D3-BF4B-00C04F79EFBC}") = "Unity.TextMeshPro", "Unity.TextMeshPro.csproj", "{B53038FE-9AEB-3121-C6AD-198F3C276404}"
EndProject
Project("{FAE04EC0-301F-11D3-BF4B-00C04F79EFBC}") = "Security", "Security.csproj", "{F5E81819-9026-3EB1-9044-718403968366}"
EndProject
Project("{FAE04EC0-301F-11D3-BF4B-00C04F79EFBC}") = "pb_Stl", "pb_Stl.csproj", "{29424B22-BC61-89D1-605C-6E50950D7F94}"
EndProject
Project("{FAE04EC0-301F-11D3-BF4B-00C04F79EFBC}") = "Assembly-CSharp-firstpass", "Assembly-CSharp-firstpass.csproj", "{BC3C38AE-ED04-B288-BA63-7F92E64B03B8}"
EndProject
Project("{FAE04EC0-301F-11D3-BF4B-00C04F79EFBC}") = "DOTween", "DOTween.csproj", "{FBDE5405-0413-AC7D-4F4B-6CA980B33B04}"
EndProject
Project("{FAE04EC0-301F-11D3-BF4B-00C04F79EFBC}") = "UnityEngine.Advertisements", "UnityEngine.Advertisements.csproj", "{C2577B41-CF16-5F11-0A00-0A2EC99028E0}"
EndProject
Project("{FAE04EC0-301F-11D3-BF4B-00C04F79EFBC}") = "winrt", "winrt.csproj", "{8D5673B2-9922-6F78-B247-E758FAE458E1}"
EndProject
Project("{FAE04EC0-301F-11D3-BF4B-00C04F79EFBC}") = "UnityEngine.Purchasing", "UnityEngine.Purchasing.csproj", "{A531C3E7-C00B-187E-6A3E-EF1134362E37}"
EndProject
Project("{FAE04EC0-301F-11D3-BF4B-00C04F79EFBC}") = "ProBuilderCore-Unity5", "ProBuilderCore-Unity5.csproj", "{579A50A8-9E82-5C23-EBC5-11F6EDAE8F1E}"
EndProject
Project("{FAE04EC0-301F-11D3-BF4B-00C04F79EFBC}") = "UnityEngine.StandardEvents", "UnityEngine.StandardEvents.csproj", "{98017A13-D2CB-ECC7-A607-C9082C7E3CBB}"
EndProject
Project("{FAE04EC0-301F-11D3-BF4B-00C04F79EFBC}") = "Photon3Unity3D", "Photon3Unity3D.csproj", "{EEA4D543-B0CC-7879-BD0C-69549ABD52CA}"
EndProject
Project("{FAE04EC0-301F-11D3-BF4B-00C04F79EFBC}") = "ProBuilderMeshOps-Unity5", "ProBuilderMeshOps-Unity5.csproj", "{8F3CEFFD-7317-3167-E5EF-994150BD5912}"
EndProject
Project("{FAE04EC0-301F-11D3-BF4B-00C04F79EFBC}") = "Poly2Tri", "Poly2Tri.csproj", "{2820111A-0C38-4B5C-0E28-F15F46F421B5}"
EndProject
Project("{FAE04EC0-301F-11D3-BF4B-00C04F79EFBC}") = "UnityEngine.Analytics", "UnityEngine.Analytics.csproj", "{D6B4AFD5-DC3D-66CF-C4FD-69A31E0D44F4}"
EndProject
Project("{FAE04EC0-301F-11D3-BF4B-00C04F79EFBC}") = "System.Runtime.CompilerServices.Unsafe", "System.Runtime.CompilerServices.Unsafe.csproj", "{30D7B1A6-77EF-1530-7994-95093DB54F32}"
EndProject
Project("{FAE04EC0-301F-11D3-BF4B-00C04F79EFBC}") = "KDTree", "KDTree.csproj", "{A78FD74C-5205-90AA-6C7D-E71CABCB62CE}"
EndProject
Project("{FAE04EC0-301F-11D3-BF4B-00C04F79EFBC}") = "UnityStore", "UnityStore.csproj", "{0A49FEEB-FE8C-1231-285E-F9C63366F943}"
EndProject
Project("{FAE04EC0-301F-11D3-BF4B-00C04F79EFBC}") = "ChannelPurchase", "ChannelPurchase.csproj", "{486870BF-ED18-0061-FD96-EEA17FDB3DC2}"
EndProject
Project("{FAE04EC0-301F-11D3-BF4B-00C04F79EFBC}") = "DOTweenPro", "DOTweenPro.csproj", "{33949B78-4468-57B0-B017-C8D0A7911634}"
EndProject
Project("{FAE04EC0-301F-11D3-BF4B-00C04F79EFBC}") = "KdTreeLib", "KdTreeLib.csproj", "{940B328A-6338-EA14-FA96-857429323A96}"
EndProject
Project("{FAE04EC0-301F-11D3-BF4B-00C04F79EFBC}") = "Purchasing.Common", "Purchasing.Common.csproj", "{8099ADCB-74DD-E037-A66C-A1243A43BCC8}"
EndProject
Project("{FAE04EC0-301F-11D3-BF4B-00C04F79EFBC}") = "DemiLib", "DemiLib.csproj", "{ABD9A2B1-2753-C1EC-A164-5F82290664DB}"
EndProject
Project("{FAE04EC0-301F-11D3-BF4B-00C04F79EFBC}") = "Apple", "Apple.csproj", "{4AD2D425-A9D4-BB02-7451-267C655A5D02}"
EndProject
Project("{FAE04EC0-301F-11D3-BF4B-00C04F79EFBC}") = "Tizen", "Tizen.csproj", "{B7F45BE6-7C0A-9F01-B99C-1660323F481A}"
EndProject
Project("{FAE04EC0-301F-11D3-BF4B-00C04F79EFBC}") = "FacebookStore", "FacebookStore.csproj", "{8B6FDDC0-42C2-4027-CBD5-4D04EA1A9DF5}"
EndProject
Project("{FAE04EC0-301F-11D3-BF4B-00C04F79EFBC}") = "System.Runtime.InteropServices", "System.Runtime.InteropServices.csproj", "{85376609-76A0-755E-19FE-CCA01A4CF578}"
EndProject
Project("{FAE04EC0-301F-11D3-BF4B-00C04F79EFBC}") = "Assembly-CSharp-Editor", "Assembly-CSharp-Editor.csproj", "{14CC17B2-3AA0-F344-03FA-8D292556EFFE}"
EndProject
Global
	GlobalSection(SolutionConfigurationPlatforms) = preSolution
		Debug|Any CPU = Debug|Any CPU
		Release|Any CPU = Release|Any CPU
	EndGlobalSection
	GlobalSection(ProjectConfigurationPlatforms) = postSolution
		{5BB7E9B2-DAAC-E6A6-6D4C-F52FF86D00FA}.Debug|Any CPU.ActiveCfg = Debug|Any CPU
		{5BB7E9B2-DAAC-E6A6-6D4C-F52FF86D00FA}.Debug|Any CPU.Build.0 = Debug|Any CPU
		{5BB7E9B2-DAAC-E6A6-6D4C-F52FF86D00FA}.Release|Any CPU.ActiveCfg = Release|Any CPU
		{5BB7E9B2-DAAC-E6A6-6D4C-F52FF86D00FA}.Release|Any CPU.Build.0 = Release|Any CPU
		{14F1A00A-66CA-9195-6B7F-97747C0B4AD7}.Debug|Any CPU.ActiveCfg = Debug|Any CPU
		{14F1A00A-66CA-9195-6B7F-97747C0B4AD7}.Debug|Any CPU.Build.0 = Debug|Any CPU
		{14F1A00A-66CA-9195-6B7F-97747C0B4AD7}.Release|Any CPU.ActiveCfg = Release|Any CPU
		{14F1A00A-66CA-9195-6B7F-97747C0B4AD7}.Release|Any CPU.Build.0 = Release|Any CPU
		{B2E7C640-1F30-411A-2A7A-8561208E873E}.Debug|Any CPU.ActiveCfg = Debug|Any CPU
		{B2E7C640-1F30-411A-2A7A-8561208E873E}.Debug|Any CPU.Build.0 = Debug|Any CPU
		{B2E7C640-1F30-411A-2A7A-8561208E873E}.Release|Any CPU.ActiveCfg = Release|Any CPU
		{B2E7C640-1F30-411A-2A7A-8561208E873E}.Release|Any CPU.Build.0 = Release|Any CPU
		{62B15434-A5D3-7CB1-047F-E91E8B2D23FC}.Debug|Any CPU.ActiveCfg = Debug|Any CPU
		{62B15434-A5D3-7CB1-047F-E91E8B2D23FC}.Debug|Any CPU.Build.0 = Debug|Any CPU
		{62B15434-A5D3-7CB1-047F-E91E8B2D23FC}.Release|Any CPU.ActiveCfg = Release|Any CPU
		{62B15434-A5D3-7CB1-047F-E91E8B2D23FC}.Release|Any CPU.Build.0 = Release|Any CPU
		{B53038FE-9AEB-3121-C6AD-198F3C276404}.Debug|Any CPU.ActiveCfg = Debug|Any CPU
		{B53038FE-9AEB-3121-C6AD-198F3C276404}.Debug|Any CPU.Build.0 = Debug|Any CPU
		{B53038FE-9AEB-3121-C6AD-198F3C276404}.Release|Any CPU.ActiveCfg = Release|Any CPU
		{B53038FE-9AEB-3121-C6AD-198F3C276404}.Release|Any CPU.Build.0 = Release|Any CPU
		{F5E81819-9026-3EB1-9044-718403968366}.Debug|Any CPU.ActiveCfg = Debug|Any CPU
		{F5E81819-9026-3EB1-9044-718403968366}.Debug|Any CPU.Build.0 = Debug|Any CPU
		{F5E81819-9026-3EB1-9044-718403968366}.Release|Any CPU.ActiveCfg = Release|Any CPU
		{F5E81819-9026-3EB1-9044-718403968366}.Release|Any CPU.Build.0 = Release|Any CPU
		{29424B22-BC61-89D1-605C-6E50950D7F94}.Debug|Any CPU.ActiveCfg = Debug|Any CPU
		{29424B22-BC61-89D1-605C-6E50950D7F94}.Debug|Any CPU.Build.0 = Debug|Any CPU
		{29424B22-BC61-89D1-605C-6E50950D7F94}.Release|Any CPU.ActiveCfg = Release|Any CPU
		{29424B22-BC61-89D1-605C-6E50950D7F94}.Release|Any CPU.Build.0 = Release|Any CPU
		{BC3C38AE-ED04-B288-BA63-7F92E64B03B8}.Debug|Any CPU.ActiveCfg = Debug|Any CPU
		{BC3C38AE-ED04-B288-BA63-7F92E64B03B8}.Debug|Any CPU.Build.0 = Debug|Any CPU
		{BC3C38AE-ED04-B288-BA63-7F92E64B03B8}.Release|Any CPU.ActiveCfg = Release|Any CPU
		{BC3C38AE-ED04-B288-BA63-7F92E64B03B8}.Release|Any CPU.Build.0 = Release|Any CPU
		{FBDE5405-0413-AC7D-4F4B-6CA980B33B04}.Debug|Any CPU.ActiveCfg = Debug|Any CPU
		{FBDE5405-0413-AC7D-4F4B-6CA980B33B04}.Debug|Any CPU.Build.0 = Debug|Any CPU
		{FBDE5405-0413-AC7D-4F4B-6CA980B33B04}.Release|Any CPU.ActiveCfg = Release|Any CPU
		{FBDE5405-0413-AC7D-4F4B-6CA980B33B04}.Release|Any CPU.Build.0 = Release|Any CPU
		{C2577B41-CF16-5F11-0A00-0A2EC99028E0}.Debug|Any CPU.ActiveCfg = Debug|Any CPU
		{C2577B41-CF16-5F11-0A00-0A2EC99028E0}.Debug|Any CPU.Build.0 = Debug|Any CPU
		{C2577B41-CF16-5F11-0A00-0A2EC99028E0}.Release|Any CPU.ActiveCfg = Release|Any CPU
		{C2577B41-CF16-5F11-0A00-0A2EC99028E0}.Release|Any CPU.Build.0 = Release|Any CPU
		{8D5673B2-9922-6F78-B247-E758FAE458E1}.Debug|Any CPU.ActiveCfg = Debug|Any CPU
		{8D5673B2-9922-6F78-B247-E758FAE458E1}.Debug|Any CPU.Build.0 = Debug|Any CPU
		{8D5673B2-9922-6F78-B247-E758FAE458E1}.Release|Any CPU.ActiveCfg = Release|Any CPU
		{8D5673B2-9922-6F78-B247-E758FAE458E1}.Release|Any CPU.Build.0 = Release|Any CPU
		{A531C3E7-C00B-187E-6A3E-EF1134362E37}.Debug|Any CPU.ActiveCfg = Debug|Any CPU
		{A531C3E7-C00B-187E-6A3E-EF1134362E37}.Debug|Any CPU.Build.0 = Debug|Any CPU
		{A531C3E7-C00B-187E-6A3E-EF1134362E37}.Release|Any CPU.ActiveCfg = Release|Any CPU
		{A531C3E7-C00B-187E-6A3E-EF1134362E37}.Release|Any CPU.Build.0 = Release|Any CPU
		{579A50A8-9E82-5C23-EBC5-11F6EDAE8F1E}.Debug|Any CPU.ActiveCfg = Debug|Any CPU
		{579A50A8-9E82-5C23-EBC5-11F6EDAE8F1E}.Debug|Any CPU.Build.0 = Debug|Any CPU
		{579A50A8-9E82-5C23-EBC5-11F6EDAE8F1E}.Release|Any CPU.ActiveCfg = Release|Any CPU
		{579A50A8-9E82-5C23-EBC5-11F6EDAE8F1E}.Release|Any CPU.Build.0 = Release|Any CPU
		{98017A13-D2CB-ECC7-A607-C9082C7E3CBB}.Debug|Any CPU.ActiveCfg = Debug|Any CPU
		{98017A13-D2CB-ECC7-A607-C9082C7E3CBB}.Debug|Any CPU.Build.0 = Debug|Any CPU
		{98017A13-D2CB-ECC7-A607-C9082C7E3CBB}.Release|Any CPU.ActiveCfg = Release|Any CPU
		{98017A13-D2CB-ECC7-A607-C9082C7E3CBB}.Release|Any CPU.Build.0 = Release|Any CPU
		{EEA4D543-B0CC-7879-BD0C-69549ABD52CA}.Debug|Any CPU.ActiveCfg = Debug|Any CPU
		{EEA4D543-B0CC-7879-BD0C-69549ABD52CA}.Debug|Any CPU.Build.0 = Debug|Any CPU
		{EEA4D543-B0CC-7879-BD0C-69549ABD52CA}.Release|Any CPU.ActiveCfg = Release|Any CPU
		{EEA4D543-B0CC-7879-BD0C-69549ABD52CA}.Release|Any CPU.Build.0 = Release|Any CPU
		{8F3CEFFD-7317-3167-E5EF-994150BD5912}.Debug|Any CPU.ActiveCfg = Debug|Any CPU
		{8F3CEFFD-7317-3167-E5EF-994150BD5912}.Debug|Any CPU.Build.0 = Debug|Any CPU
		{8F3CEFFD-7317-3167-E5EF-994150BD5912}.Release|Any CPU.ActiveCfg = Release|Any CPU
		{8F3CEFFD-7317-3167-E5EF-994150BD5912}.Release|Any CPU.Build.0 = Release|Any CPU
		{2820111A-0C38-4B5C-0E28-F15F46F421B5}.Debug|Any CPU.ActiveCfg = Debug|Any CPU
		{2820111A-0C38-4B5C-0E28-F15F46F421B5}.Debug|Any CPU.Build.0 = Debug|Any CPU
		{2820111A-0C38-4B5C-0E28-F15F46F421B5}.Release|Any CPU.ActiveCfg = Release|Any CPU
		{2820111A-0C38-4B5C-0E28-F15F46F421B5}.Release|Any CPU.Build.0 = Release|Any CPU
		{D6B4AFD5-DC3D-66CF-C4FD-69A31E0D44F4}.Debug|Any CPU.ActiveCfg = Debug|Any CPU
		{D6B4AFD5-DC3D-66CF-C4FD-69A31E0D44F4}.Debug|Any CPU.Build.0 = Debug|Any CPU
		{D6B4AFD5-DC3D-66CF-C4FD-69A31E0D44F4}.Release|Any CPU.ActiveCfg = Release|Any CPU
		{D6B4AFD5-DC3D-66CF-C4FD-69A31E0D44F4}.Release|Any CPU.Build.0 = Release|Any CPU
		{30D7B1A6-77EF-1530-7994-95093DB54F32}.Debug|Any CPU.ActiveCfg = Debug|Any CPU
		{30D7B1A6-77EF-1530-7994-95093DB54F32}.Debug|Any CPU.Build.0 = Debug|Any CPU
		{30D7B1A6-77EF-1530-7994-95093DB54F32}.Release|Any CPU.ActiveCfg = Release|Any CPU
		{30D7B1A6-77EF-1530-7994-95093DB54F32}.Release|Any CPU.Build.0 = Release|Any CPU
		{A78FD74C-5205-90AA-6C7D-E71CABCB62CE}.Debug|Any CPU.ActiveCfg = Debug|Any CPU
		{A78FD74C-5205-90AA-6C7D-E71CABCB62CE}.Debug|Any CPU.Build.0 = Debug|Any CPU
		{A78FD74C-5205-90AA-6C7D-E71CABCB62CE}.Release|Any CPU.ActiveCfg = Release|Any CPU
		{A78FD74C-5205-90AA-6C7D-E71CABCB62CE}.Release|Any CPU.Build.0 = Release|Any CPU
		{0A49FEEB-FE8C-1231-285E-F9C63366F943}.Debug|Any CPU.ActiveCfg = Debug|Any CPU
		{0A49FEEB-FE8C-1231-285E-F9C63366F943}.Debug|Any CPU.Build.0 = Debug|Any CPU
		{0A49FEEB-FE8C-1231-285E-F9C63366F943}.Release|Any CPU.ActiveCfg = Release|Any CPU
		{0A49FEEB-FE8C-1231-285E-F9C63366F943}.Release|Any CPU.Build.0 = Release|Any CPU
		{486870BF-ED18-0061-FD96-EEA17FDB3DC2}.Debug|Any CPU.ActiveCfg = Debug|Any CPU
		{486870BF-ED18-0061-FD96-EEA17FDB3DC2}.Debug|Any CPU.Build.0 = Debug|Any CPU
		{486870BF-ED18-0061-FD96-EEA17FDB3DC2}.Release|Any CPU.ActiveCfg = Release|Any CPU
		{486870BF-ED18-0061-FD96-EEA17FDB3DC2}.Release|Any CPU.Build.0 = Release|Any CPU
		{33949B78-4468-57B0-B017-C8D0A7911634}.Debug|Any CPU.ActiveCfg = Debug|Any CPU
		{33949B78-4468-57B0-B017-C8D0A7911634}.Debug|Any CPU.Build.0 = Debug|Any CPU
		{33949B78-4468-57B0-B017-C8D0A7911634}.Release|Any CPU.ActiveCfg = Release|Any CPU
		{33949B78-4468-57B0-B017-C8D0A7911634}.Release|Any CPU.Build.0 = Release|Any CPU
		{940B328A-6338-EA14-FA96-857429323A96}.Debug|Any CPU.ActiveCfg = Debug|Any CPU
		{940B328A-6338-EA14-FA96-857429323A96}.Debug|Any CPU.Build.0 = Debug|Any CPU
		{940B328A-6338-EA14-FA96-857429323A96}.Release|Any CPU.ActiveCfg = Release|Any CPU
		{940B328A-6338-EA14-FA96-857429323A96}.Release|Any CPU.Build.0 = Release|Any CPU
		{8099ADCB-74DD-E037-A66C-A1243A43BCC8}.Debug|Any CPU.ActiveCfg = Debug|Any CPU
		{8099ADCB-74DD-E037-A66C-A1243A43BCC8}.Debug|Any CPU.Build.0 = Debug|Any CPU
		{8099ADCB-74DD-E037-A66C-A1243A43BCC8}.Release|Any CPU.ActiveCfg = Release|Any CPU
		{8099ADCB-74DD-E037-A66C-A1243A43BCC8}.Release|Any CPU.Build.0 = Release|Any CPU
		{ABD9A2B1-2753-C1EC-A164-5F82290664DB}.Debug|Any CPU.ActiveCfg = Debug|Any CPU
		{ABD9A2B1-2753-C1EC-A164-5F82290664DB}.Debug|Any CPU.Build.0 = Debug|Any CPU
		{ABD9A2B1-2753-C1EC-A164-5F82290664DB}.Release|Any CPU.ActiveCfg = Release|Any CPU
		{ABD9A2B1-2753-C1EC-A164-5F82290664DB}.Release|Any CPU.Build.0 = Release|Any CPU
		{4AD2D425-A9D4-BB02-7451-267C655A5D02}.Debug|Any CPU.ActiveCfg = Debug|Any CPU
		{4AD2D425-A9D4-BB02-7451-267C655A5D02}.Debug|Any CPU.Build.0 = Debug|Any CPU
		{4AD2D425-A9D4-BB02-7451-267C655A5D02}.Release|Any CPU.ActiveCfg = Release|Any CPU
		{4AD2D425-A9D4-BB02-7451-267C655A5D02}.Release|Any CPU.Build.0 = Release|Any CPU
		{B7F45BE6-7C0A-9F01-B99C-1660323F481A}.Debug|Any CPU.ActiveCfg = Debug|Any CPU
		{B7F45BE6-7C0A-9F01-B99C-1660323F481A}.Debug|Any CPU.Build.0 = Debug|Any CPU
		{B7F45BE6-7C0A-9F01-B99C-1660323F481A}.Release|Any CPU.ActiveCfg = Release|Any CPU
		{B7F45BE6-7C0A-9F01-B99C-1660323F481A}.Release|Any CPU.Build.0 = Release|Any CPU
		{8B6FDDC0-42C2-4027-CBD5-4D04EA1A9DF5}.Debug|Any CPU.ActiveCfg = Debug|Any CPU
		{8B6FDDC0-42C2-4027-CBD5-4D04EA1A9DF5}.Debug|Any CPU.Build.0 = Debug|Any CPU
		{8B6FDDC0-42C2-4027-CBD5-4D04EA1A9DF5}.Release|Any CPU.ActiveCfg = Release|Any CPU
		{8B6FDDC0-42C2-4027-CBD5-4D04EA1A9DF5}.Release|Any CPU.Build.0 = Release|Any CPU
		{85376609-76A0-755E-19FE-CCA01A4CF578}.Debug|Any CPU.ActiveCfg = Debug|Any CPU
		{85376609-76A0-755E-19FE-CCA01A4CF578}.Debug|Any CPU.Build.0 = Debug|Any CPU
		{85376609-76A0-755E-19FE-CCA01A4CF578}.Release|Any CPU.ActiveCfg = Release|Any CPU
		{85376609-76A0-755E-19FE-CCA01A4CF578}.Release|Any CPU.Build.0 = Release|Any CPU
		{14CC17B2-3AA0-F344-03FA-8D292556EFFE}.Debug|Any CPU.ActiveCfg = Debug|Any CPU
		{14CC17B2-3AA0-F344-03FA-8D292556EFFE}.Debug|Any CPU.Build.0 = Debug|Any CPU
		{14CC17B2-3AA0-F344-03FA-8D292556EFFE}.Release|Any CPU.ActiveCfg = Release|Any CPU
		{14CC17B2-3AA0-F344-03FA-8D292556EFFE}.Release|Any CPU.Build.0 = Release|Any CPU
	EndGlobalSection
	GlobalSection(SolutionProperties) = preSolution
		HideSolutionNode = FALSE
	EndGlobalSection
	GlobalSection(MonoDevelopProperties) = preSolution
		StartupItem = Assembly-CSharp.csproj
	EndGlobalSection
EndGlobal
